
Microsoft Visual Studio Solution File, Format Version 12.00
# Visual Studio 15
VisualStudioVersion = 15.0.26730.16
MinimumVisualStudioVersion = 10.0.40219.1
Project("{FAE04EC0-301F-11D3-BF4B-00C04F79EFBC}") = "Geometry", "Geometry\Geometry.csproj", "{A01B8CDF-C91F-4722-959D-970BF850A5E9}"
EndProject
Project("{FAE04EC0-301F-11D3-BF4B-00C04F79EFBC}") = "Geometry.Tests", "Geometry.Tests\Geometry.Tests.csproj", "{7D9C87E7-5666-4A1E-8C32-1CD7A8AB757A}"
EndProject
Global
	GlobalSection(SolutionConfigurationPlatforms) = preSolution
		Debug|Any CPU = Debug|Any CPU
		Release|Any CPU = Release|Any CPU
	EndGlobalSection
	GlobalSection(ProjectConfigurationPlatforms) = postSolution
		{A01B8CDF-C91F-4722-959D-970BF850A5E9}.Debug|Any CPU.ActiveCfg = Debug|Any CPU
		{A01B8CDF-C91F-4722-959D-970BF850A5E9}.Debug|Any CPU.Build.0 = Debug|Any CPU
		{A01B8CDF-C91F-4722-959D-970BF850A5E9}.Release|Any CPU.ActiveCfg = Release|Any CPU
		{A01B8CDF-C91F-4722-959D-970BF850A5E9}.Release|Any CPU.Build.0 = Release|Any CPU
		{7D9C87E7-5666-4A1E-8C32-1CD7A8AB757A}.Debug|Any CPU.ActiveCfg = Debug|Any CPU
		{7D9C87E7-5666-4A1E-8C32-1CD7A8AB757A}.Debug|Any CPU.Build.0 = Debug|Any CPU
		{7D9C87E7-5666-4A1E-8C32-1CD7A8AB757A}.Release|Any CPU.ActiveCfg = Release|Any CPU
		{7D9C87E7-5666-4A1E-8C32-1CD7A8AB757A}.Release|Any CPU.Build.0 = Release|Any CPU
	EndGlobalSection
	GlobalSection(SolutionProperties) = preSolution
		HideSolutionNode = FALSE
	EndGlobalSection
	GlobalSection(ExtensibilityGlobals) = postSolution
		SolutionGuid = {258A3F01-D4CA-4A45-9FAF-994F5B49C2F0}
	EndGlobalSection
EndGlobal
